
Microsoft Visual Studio Solution File, Format Version 12.00
# Visual Studio Version 17
VisualStudioVersion = 17.9.34622.214
MinimumVisualStudioVersion = 10.0.40219.1
Project("{FAE04EC0-301F-11D3-BF4B-00C04F79EFBC}") = "WCFLogicaEscenasPelis", "WCFLogicaEscenasPelis\WCFLogicaEscenasPelis.csproj", "{25263F5E-4D09-4390-9C97-A61B8F043023}"
EndProject
Project("{FAE04EC0-301F-11D3-BF4B-00C04F79EFBC}") = "WCFHostEscenasPelis", "WCFHostEscenasPelis\WCFHostEscenasPelis.csproj", "{FC77BAA8-4C02-4C3B-8FD5-222A96CD2B78}"
EndProject
Global
	GlobalSection(SolutionConfigurationPlatforms) = preSolution
		Debug|Any CPU = Debug|Any CPU
		Release|Any CPU = Release|Any CPU
	EndGlobalSection
	GlobalSection(ProjectConfigurationPlatforms) = postSolution
		{25263F5E-4D09-4390-9C97-A61B8F043023}.Debug|Any CPU.ActiveCfg = Debug|Any CPU
		{25263F5E-4D09-4390-9C97-A61B8F043023}.Debug|Any CPU.Build.0 = Debug|Any CPU
		{25263F5E-4D09-4390-9C97-A61B8F043023}.Release|Any CPU.ActiveCfg = Release|Any CPU
		{25263F5E-4D09-4390-9C97-A61B8F043023}.Release|Any CPU.Build.0 = Release|Any CPU
		{FC77BAA8-4C02-4C3B-8FD5-222A96CD2B78}.Debug|Any CPU.ActiveCfg = Debug|Any CPU
		{FC77BAA8-4C02-4C3B-8FD5-222A96CD2B78}.Debug|Any CPU.Build.0 = Debug|Any CPU
		{FC77BAA8-4C02-4C3B-8FD5-222A96CD2B78}.Release|Any CPU.ActiveCfg = Release|Any CPU
		{FC77BAA8-4C02-4C3B-8FD5-222A96CD2B78}.Release|Any CPU.Build.0 = Release|Any CPU
	EndGlobalSection
	GlobalSection(SolutionProperties) = preSolution
		HideSolutionNode = FALSE
	EndGlobalSection
	GlobalSection(ExtensibilityGlobals) = postSolution
		SolutionGuid = {9A2E457B-11DC-4D77-BCC3-AC6370FE3D55}
	EndGlobalSection
EndGlobal
